PODS:
  - DACircularProgress (2.3.1)
  - MBProgressHUD (1.0.0)
  - SDWebImage (3.8.2):
    - SDWebImage/Core (= 3.8.2)
  - SDWebImage/Core (3.8.2)

DEPENDENCIES:
  - DACircularProgress
  - MBProgressHUD
  - SDWebImage (~> 3.8.2)

SPEC CHECKSUMS:
  DACircularProgress: 4dd437c0fc3da5161cb289e07ac449493d41db71
  MBProgressHUD: 4890f671c94e8a0f3cf959aa731e9de2f036d71a
  SDWebImage: 098e97e6176540799c27e804c96653ee0833d13c

PODFILE CHECKSUM: dd6f2c02a55a6ead77dbab351baafdffa6137230

COCOAPODS: 1.1.1
